
Microsoft Visual Studio Solution File, Format Version 12.00
# Visual Studio Version 17
VisualStudioVersion = 17.12.35527.113 d17.12
MinimumVisualStudioVersion = 10.0.40219.1
Project("{FAE04EC0-301F-11D3-BF4B-00C04F79EFBC}") = "Assigmnet 5", "Assigmnet 5.csproj", "{1A40010E-2874-472F-A55F-FCF35664EDEB}"
EndProject
Global
	GlobalSection(SolutionConfigurationPlatforms) = preSolution
		Debug|Any CPU = Debug|Any CPU
		Release|Any CPU = Release|Any CPU
	EndGlobalSection
	GlobalSection(ProjectConfigurationPlatforms) = postSolution
		{1A40010E-2874-472F-A55F-FCF35664EDEB}.Debug|Any CPU.ActiveCfg = Debug|Any CPU
		{1A40010E-2874-472F-A55F-FCF35664EDEB}.Debug|Any CPU.Build.0 = Debug|Any CPU
		{1A40010E-2874-472F-A55F-FCF35664EDEB}.Release|Any CPU.ActiveCfg = Release|Any CPU
		{1A40010E-2874-472F-A55F-FCF35664EDEB}.Release|Any CPU.Build.0 = Release|Any CPU
	EndGlobalSection
	GlobalSection(SolutionProperties) = preSolution
		HideSolutionNode = FALSE
	EndGlobalSection
EndGlobal
